
Microsoft Visual Studio Solution File, Format Version 12.00
# Visual Studio Version 16
VisualStudioVersion = 16.0.29201.188
MinimumVisualStudioVersion = 10.0.40219.1
Project("{FAE04EC0-301F-11D3-BF4B-00C04F79EFBC}") = "Singleton", "Singleton\Singleton.csproj", "{D25615B4-B039-4F06-9218-CD04FD305D61}"
EndProject
Global
	GlobalSection(SolutionConfigurationPlatforms) = preSolution
		Debug|Any CPU = Debug|Any CPU
		Release|Any CPU = Release|Any CPU
	EndGlobalSection
	GlobalSection(ProjectConfigurationPlatforms) = postSolution
		{D25615B4-B039-4F06-9218-CD04FD305D61}.Debug|Any CPU.ActiveCfg = Debug|Any CPU
		{D25615B4-B039-4F06-9218-CD04FD305D61}.Debug|Any CPU.Build.0 = Debug|Any CPU
		{D25615B4-B039-4F06-9218-CD04FD305D61}.Release|Any CPU.ActiveCfg = Release|Any CPU
		{D25615B4-B039-4F06-9218-CD04FD305D61}.Release|Any CPU.Build.0 = Release|Any CPU
	EndGlobalSection
	GlobalSection(SolutionProperties) = preSolution
		HideSolutionNode = FALSE
	EndGlobalSection
	GlobalSection(ExtensibilityGlobals) = postSolution
		SolutionGuid = {7C7CC9BD-00E1-4481-B492-D8E19B7D7D11}
	EndGlobalSection
EndGlobal
